
Microsoft Visual Studio Solution File, Format Version 11.00
# Visual Studio 2010
Project("{8BC9CEB8-8B4A-11D0-8D11-00A0C91BC942}") = "CppAnonym", "CppAnonym\CppAnonym.vcxproj", "{2B027484-C74E-45B9-A972-609CCC0C67DE}"
EndProject
Project("{8BC9CEB8-8B4A-11D0-8D11-00A0C91BC942}") = "CppAnonymPS", "CppAnonym\CppAnonymPS.vcxproj", "{8ED27138-E18C-4AE9-977F-649589C2BD87}"
EndProject
Project("{8BC9CEB8-8B4A-11D0-8D11-00A0C91BC942}") = "CppAnonymTest", "CppAnonymTest\CppAnonymTest.vcxproj", "{D07E6929-A4F7-4311-8771-16A2A93C2E27}"
EndProject
Global
	GlobalSection(SolutionConfigurationPlatforms) = preSolution
		Debug|Win32 = Debug|Win32
		Release|Win32 = Release|Win32
	EndGlobalSection
	GlobalSection(ProjectConfigurationPlatforms) = postSolution
		{2B027484-C74E-45B9-A972-609CCC0C67DE}.Debug|Win32.ActiveCfg = Debug|Win32
		{2B027484-C74E-45B9-A972-609CCC0C67DE}.Debug|Win32.Build.0 = Debug|Win32
		{2B027484-C74E-45B9-A972-609CCC0C67DE}.Release|Win32.ActiveCfg = Release|Win32
		{2B027484-C74E-45B9-A972-609CCC0C67DE}.Release|Win32.Build.0 = Release|Win32
		{8ED27138-E18C-4AE9-977F-649589C2BD87}.Debug|Win32.ActiveCfg = Debug|Win32
		{8ED27138-E18C-4AE9-977F-649589C2BD87}.Release|Win32.ActiveCfg = Release|Win32
		{D07E6929-A4F7-4311-8771-16A2A93C2E27}.Debug|Win32.ActiveCfg = Debug|Win32
		{D07E6929-A4F7-4311-8771-16A2A93C2E27}.Debug|Win32.Build.0 = Debug|Win32
		{D07E6929-A4F7-4311-8771-16A2A93C2E27}.Release|Win32.ActiveCfg = Release|Win32
		{D07E6929-A4F7-4311-8771-16A2A93C2E27}.Release|Win32.Build.0 = Release|Win32
	EndGlobalSection
	GlobalSection(SolutionProperties) = preSolution
		HideSolutionNode = FALSE
	EndGlobalSection
EndGlobal
