<?xml version="1.0" encoding="utf-8"?>
<Project ToolsVersion="4.0" xmlns="http://schemas.microsoft.com/developer/msbuild/2003">
  <ItemGroup>
    <Filter Include="ソース ファイル">
      <UniqueIdentifier>{4FC737F1-C7A5-4376-A066-2A32D752A2FF}</UniqueIdentifier>
      <Extensions>cpp;c;cc;cxx;def;odl;idl;hpj;bat;asm;asmx</Extensions>
    </Filter>
    <Filter Include="ヘッダー ファイル">
      <UniqueIdentifier>{93995380-89BD-4b04-88EB-625FBE52EBFB}</UniqueIdentifier>
      <Extensions>h;hpp;hxx;hm;inl;inc;xsd</Extensions>
    </Filter>
    <Filter Include="リソース ファイル">
      <UniqueIdentifier>{67DA6AB6-F800-4c08-8B7A-83BB121AAD01}</UniqueIdentifier>
      <Extensions>rc;ico;cur;bmp;dlg;rc2;rct;bin;rgs;gif;jpg;jpeg;jpe;resx;tiff;tif;png;wav;mfcribbon-ms</Extensions>
    </Filter>
    <Filter Include="生成されたファイル">
      <UniqueIdentifier>{b6b09162-576c-492d-951c-598337415758}</UniqueIdentifier>
      <SourceControlFiles>False</SourceControlFiles>
    </Filter>
    <Filter Include="ソース ファイル\Urasandesu">
      <UniqueIdentifier>{79f6f613-474c-4cfb-976d-4f59b9fa0174}</UniqueIdentifier>
    </Filter>
    <Filter Include="ソース ファイル\Urasandesu\CppAnonym">
      <UniqueIdentifier>{730d615c-21d5-46f6-ae92-6ba5eff13905}</UniqueIdentifier>
    </Filter>
    <Filter Include="ソース ファイル\Urasandesu\CppAnonym\Profiling">
      <UniqueIdentifier>{0155af38-deb8-43b8-aa76-da01c3f10dd1}</UniqueIdentifier>
    </Filter>
    <Filter Include="ヘッダー ファイル\Urasandesu">
      <UniqueIdentifier>{f37807ed-5c7a-4537-bad9-d9eb1d535fa7}</UniqueIdentifier>
    </Filter>
    <Filter Include="ヘッダー ファイル\Urasandesu\CppAnonym">
      <UniqueIdentifier>{3d4fd838-badb-4e79-b8df-d6d2d1fb3c57}</UniqueIdentifier>
    </Filter>
    <Filter Include="ヘッダー ファイル\Urasandesu\CppAnonym\Profiling">
      <UniqueIdentifier>{2ec84e1d-de87-486a-9f87-824a987275f8}</UniqueIdentifier>
    </Filter>
    <Filter Include="ヘッダー ファイル\Urasandesu\CppAnonym\Traits">
      <UniqueIdentifier>{263deecf-3b21-45b6-adcf-a247b338b1b3}</UniqueIdentifier>
    </Filter>
    <Filter Include="ヘッダー ファイル\Urasandesu\CppAnonym\Utilities">
      <UniqueIdentifier>{a11091ec-d22b-4d51-8e9d-9543f9159f7d}</UniqueIdentifier>
    </Filter>
    <Filter Include="ヘッダー ファイル\Urasandesu\CppAnonym\Fusion">
      <UniqueIdentifier>{ec2244ed-4c69-4d71-b557-35eb63c88d09}</UniqueIdentifier>
    </Filter>
    <Filter Include="ソース ファイル\Urasandesu\CppAnonym\Fusion">
      <UniqueIdentifier>{fafc6ff2-ca9a-4bc6-88d9-0e50aa7975eb}</UniqueIdentifier>
    </Filter>
    <Filter Include="ソース ファイル\Urasandesu\CppAnonym\Hosting">
      <UniqueIdentifier>{93f69a58-0cda-44f4-9d72-8ec20537dd9f}</UniqueIdentifier>
    </Filter>
    <Filter Include="ヘッダー ファイル\Urasandesu\CppAnonym\Hosting">
      <UniqueIdentifier>{3a6141b1-6fd8-46b2-99ed-136d9df1050d}</UniqueIdentifier>
    </Filter>
    <Filter Include="ヘッダー ファイル\Urasandesu\CppAnonym\Metadata">
      <UniqueIdentifier>{6accbb00-d63d-4fbb-9b91-8a2c5cdce976}</UniqueIdentifier>
    </Filter>
    <Filter Include="ソース ファイル\Urasandesu\CppAnonym\Metadata">
      <UniqueIdentifier>{2b4f1488-bed0-485b-9211-be85aa8ba07d}</UniqueIdentifier>
    </Filter>
    <Filter Include="ヘッダー ファイル\Urasandesu\CppAnonym\StrongNaming">
      <UniqueIdentifier>{ac1553e6-71e0-453f-be85-9414915dc007}</UniqueIdentifier>
    </Filter>
    <Filter Include="ヘッダー ファイル\Urasandesu\CppAnonym\Collections">
      <UniqueIdentifier>{2ca6d9fd-46fd-4b4f-a785-4359c7bd2523}</UniqueIdentifier>
    </Filter>
  </ItemGroup>
  <ItemGroup>
    <ClCompile Include="stdafx.cpp">
      <Filter>ソース ファイル</Filter>
    </ClCompile>
    <ClCompile Include="Urasandesu.CppAnonym.cpp">
      <Filter>ソース ファイル</Filter>
    </ClCompile>
    <ClCompile Include="dllmain.cpp">
      <Filter>ソース ファイル</Filter>
    </ClCompile>
    <ClCompile Include="UrasandesuCppAnonym_i.c">
      <Filter>生成されたファイル</Filter>
    </ClCompile>
    <ClCompile Include="Urasandesu\CppAnonym\CppAnonymCOMException.cpp">
      <Filter>ソース ファイル\Urasandesu\CppAnonym</Filter>
    </ClCompile>
    <ClCompile Include="Urasandesu\CppAnonym\CppAnonymException.cpp">
      <Filter>ソース ファイル\Urasandesu\CppAnonym</Filter>
    </ClCompile>
    <ClCompile Include="Urasandesu\CppAnonym\CppAnonymSystemException.cpp">
      <Filter>ソース ファイル\Urasandesu\CppAnonym</Filter>
    </ClCompile>
    <ClCompile Include="Urasandesu\CppAnonym\Environment.cpp">
      <Filter>ソース ファイル\Urasandesu\CppAnonym</Filter>
    </ClCompile>
    <ClCompile Include="Urasandesu\CppAnonym\StackFrame.cpp">
      <Filter>ソース ファイル\Urasandesu\CppAnonym</Filter>
    </ClCompile>
    <ClCompile Include="Urasandesu\CppAnonym\StackTrace.cpp">
      <Filter>ソース ファイル\Urasandesu\CppAnonym</Filter>
    </ClCompile>
    <ClCompile Include="Urasandesu\CppAnonym\Profiling\DefaultInfoProfilingApi.cpp">
      <Filter>ソース ファイル\Urasandesu\CppAnonym\Profiling</Filter>
    </ClCompile>
    <ClCompile Include="Urasandesu\CppAnonym\CppAnonymArgumentException.cpp">
      <Filter>ソース ファイル\Urasandesu\CppAnonym</Filter>
    </ClCompile>
    <ClCompile Include="Urasandesu\CppAnonym\CppAnonymNotSupportedException.cpp">
      <Filter>ソース ファイル\Urasandesu\CppAnonym</Filter>
    </ClCompile>
    <ClCompile Include="Urasandesu\CppAnonym\Fusion\DefaultFusionInfoApiProto3CBCB74B.cpp">
      <Filter>ソース ファイル\Urasandesu\CppAnonym\Fusion</Filter>
    </ClCompile>
    <ClCompile Include="Urasandesu\CppAnonym\Fusion\AssemblyInfo.cpp">
      <Filter>ソース ファイル\Urasandesu\CppAnonym\Fusion</Filter>
    </ClCompile>
    <ClCompile Include="Urasandesu\CppAnonym\Hosting\DefaultRuntimeHostApiProto07F03042.cpp">
      <Filter>ソース ファイル\Urasandesu\CppAnonym\Hosting</Filter>
    </ClCompile>
    <ClCompile Include="Urasandesu\CppAnonym\MetaData\DefaultAssemblyMetadataApi.cpp">
      <Filter>ソース ファイル\Urasandesu\CppAnonym\Metadata</Filter>
    </ClCompile>
    <ClCompile Include="Urasandesu\CppAnonym\MetaData\DefaultInfoMetadataApi.cpp">
      <Filter>ソース ファイル\Urasandesu\CppAnonym\Metadata</Filter>
    </ClCompile>
    <ClCompile Include="Urasandesu\CppAnonym\CppAnonymNotImplementedException.cpp">
      <Filter>ソース ファイル\Urasandesu\CppAnonym</Filter>
    </ClCompile>
  </ItemGroup>
  <ItemGroup>
    <ClInclude Include="stdafx.h">
      <Filter>ヘッダー ファイル</Filter>
    </ClInclude>
    <ClInclude Include="targetver.h">
      <Filter>ヘッダー ファイル</Filter>
    </ClInclude>
    <ClInclude Include="Resource.h">
      <Filter>ヘッダー ファイル</Filter>
    </ClInclude>
    <ClInclude Include="dllmain.h">
      <Filter>ヘッダー ファイル</Filter>
    </ClInclude>
    <ClInclude Include="UrasandesuCppAnonym_i.h">
      <Filter>生成されたファイル</Filter>
    </ClInclude>
    <ClInclude Include="Urasandesu\CppAnonym.h">
      <Filter>ヘッダー ファイル\Urasandesu</Filter>
    </ClInclude>
    <ClInclude Include="Urasandesu\CppAnonym\CppAnonymCOMException.h">
      <Filter>ヘッダー ファイル\Urasandesu\CppAnonym</Filter>
    </ClInclude>
    <ClInclude Include="Urasandesu\CppAnonym\CppAnonymDependsOn.h">
      <Filter>ヘッダー ファイル\Urasandesu\CppAnonym</Filter>
    </ClInclude>
    <ClInclude Include="Urasandesu\CppAnonym\CppAnonymException.h">
      <Filter>ヘッダー ファイル\Urasandesu\CppAnonym</Filter>
    </ClInclude>
    <ClInclude Include="Urasandesu\CppAnonym\CppAnonymSystemException.h">
      <Filter>ヘッダー ファイル\Urasandesu\CppAnonym</Filter>
    </ClInclude>
    <ClInclude Include="Urasandesu\CppAnonym\DefaultSTDMETHODWrapper.h">
      <Filter>ヘッダー ファイル\Urasandesu\CppAnonym</Filter>
    </ClInclude>
    <ClInclude Include="Urasandesu\CppAnonym\Environment.h">
      <Filter>ヘッダー ファイル\Urasandesu\CppAnonym</Filter>
    </ClInclude>
    <ClInclude Include="Urasandesu\CppAnonym\HeapProvider.h">
      <Filter>ヘッダー ファイル\Urasandesu\CppAnonym</Filter>
    </ClInclude>
    <ClInclude Include="Urasandesu\CppAnonym\IApiOperable.h">
      <Filter>ヘッダー ファイル\Urasandesu\CppAnonym</Filter>
    </ClInclude>
    <ClInclude Include="Urasandesu\CppAnonym\IHeapContent.h">
      <Filter>ヘッダー ファイル\Urasandesu\CppAnonym</Filter>
    </ClInclude>
    <ClInclude Include="Urasandesu\CppAnonym\Profiling.h">
      <Filter>ヘッダー ファイル\Urasandesu\CppAnonym</Filter>
    </ClInclude>
    <ClInclude Include="Urasandesu\CppAnonym\SimpleBlob.h">
      <Filter>ヘッダー ファイル\Urasandesu\CppAnonym</Filter>
    </ClInclude>
    <ClInclude Include="Urasandesu\CppAnonym\SimpleHeap.h">
      <Filter>ヘッダー ファイル\Urasandesu\CppAnonym</Filter>
    </ClInclude>
    <ClInclude Include="Urasandesu\CppAnonym\StackFrame.h">
      <Filter>ヘッダー ファイル\Urasandesu\CppAnonym</Filter>
    </ClInclude>
    <ClInclude Include="Urasandesu\CppAnonym\StackTrace.h">
      <Filter>ヘッダー ファイル\Urasandesu\CppAnonym</Filter>
    </ClInclude>
    <ClInclude Include="Urasandesu\CppAnonym\SystemError.h">
      <Filter>ヘッダー ファイル\Urasandesu\CppAnonym</Filter>
    </ClInclude>
    <ClInclude Include="Urasandesu\CppAnonym\Traits.h">
      <Filter>ヘッダー ファイル\Urasandesu\CppAnonym</Filter>
    </ClInclude>
    <ClInclude Include="Urasandesu\CppAnonym\Utilities.h">
      <Filter>ヘッダー ファイル\Urasandesu\CppAnonym</Filter>
    </ClInclude>
    <ClInclude Include="Urasandesu\CppAnonym\MetaData\OpCodes.h">
      <Filter>ヘッダー ファイル\Urasandesu\CppAnonym\Metadata</Filter>
    </ClInclude>
    <ClInclude Include="Urasandesu\CppAnonym\Profiling\BaseAppDomainProfile.h">
      <Filter>ヘッダー ファイル\Urasandesu\CppAnonym\Profiling</Filter>
    </ClInclude>
    <ClInclude Include="Urasandesu\CppAnonym\Profiling\BaseAssemblyProfile.h">
      <Filter>ヘッダー ファイル\Urasandesu\CppAnonym\Profiling</Filter>
    </ClInclude>
    <ClInclude Include="Urasandesu\CppAnonym\Profiling\BaseMethodBodyProfile.h">
      <Filter>ヘッダー ファイル\Urasandesu\CppAnonym\Profiling</Filter>
    </ClInclude>
    <ClInclude Include="Urasandesu\CppAnonym\Profiling\BaseMethodProfile.h">
      <Filter>ヘッダー ファイル\Urasandesu\CppAnonym\Profiling</Filter>
    </ClInclude>
    <ClInclude Include="Urasandesu\CppAnonym\Profiling\BaseModuleProfile.h">
      <Filter>ヘッダー ファイル\Urasandesu\CppAnonym\Profiling</Filter>
    </ClInclude>
    <ClInclude Include="Urasandesu\CppAnonym\Profiling\BaseProcessProfile.h">
      <Filter>ヘッダー ファイル\Urasandesu\CppAnonym\Profiling</Filter>
    </ClInclude>
    <ClInclude Include="Urasandesu\CppAnonym\Profiling\BaseProfilingInfo.h">
      <Filter>ヘッダー ファイル\Urasandesu\CppAnonym\Profiling</Filter>
    </ClInclude>
    <ClInclude Include="Urasandesu\CppAnonym\Profiling\BaseTypeProfile.h">
      <Filter>ヘッダー ファイル\Urasandesu\CppAnonym\Profiling</Filter>
    </ClInclude>
    <ClInclude Include="Urasandesu\CppAnonym\Profiling\DefaultInfoProfilingApi.h">
      <Filter>ヘッダー ファイル\Urasandesu\CppAnonym\Profiling</Filter>
    </ClInclude>
    <ClInclude Include="Urasandesu\CppAnonym\Profiling\ICorProfilerCallback2Impl.h">
      <Filter>ヘッダー ファイル\Urasandesu\CppAnonym\Profiling</Filter>
    </ClInclude>
    <ClInclude Include="Urasandesu\CppAnonym\Profiling\IProfilingApiOperable.h">
      <Filter>ヘッダー ファイル\Urasandesu\CppAnonym\Profiling</Filter>
    </ClInclude>
    <ClInclude Include="Urasandesu\CppAnonym\Profiling\ProfilingDependsOn.h">
      <Filter>ヘッダー ファイル\Urasandesu\CppAnonym\Profiling</Filter>
    </ClInclude>
    <ClInclude Include="Urasandesu\CppAnonym\Traits\Distinct.h">
      <Filter>ヘッダー ファイル\Urasandesu\CppAnonym\Traits</Filter>
    </ClInclude>
    <ClInclude Include="Urasandesu\CppAnonym\Traits\HasConst.h">
      <Filter>ヘッダー ファイル\Urasandesu\CppAnonym\Traits</Filter>
    </ClInclude>
    <ClInclude Include="Urasandesu\CppAnonym\Traits\Replace.h">
      <Filter>ヘッダー ファイル\Urasandesu\CppAnonym\Traits</Filter>
    </ClInclude>
    <ClInclude Include="Urasandesu\CppAnonym\Traits\TraitsDependsOn.h">
      <Filter>ヘッダー ファイル\Urasandesu\CppAnonym\Traits</Filter>
    </ClInclude>
    <ClInclude Include="Urasandesu\CppAnonym\Utilities\UtilitiesDependsOn.h">
      <Filter>ヘッダー ファイル\Urasandesu\CppAnonym\Utilities</Filter>
    </ClInclude>
    <ClInclude Include="Urasandesu\CppAnonym\Utilities\ValueConverter.h">
      <Filter>ヘッダー ファイル\Urasandesu\CppAnonym\Utilities</Filter>
    </ClInclude>
    <ClInclude Include="Urasandesu\CppAnonym\CppAnonymArgumentException.h">
      <Filter>ヘッダー ファイル\Urasandesu\CppAnonym</Filter>
    </ClInclude>
    <ClInclude Include="Urasandesu\CppAnonym\CppAnonymNotSupportedException.h">
      <Filter>ヘッダー ファイル\Urasandesu\CppAnonym</Filter>
    </ClInclude>
    <ClInclude Include="Urasandesu\CppAnonym\Fusion.h">
      <Filter>ヘッダー ファイル\Urasandesu\CppAnonym</Filter>
    </ClInclude>
    <ClInclude Include="Urasandesu\CppAnonym\Fusion\FusionDependsOn.h">
      <Filter>ヘッダー ファイル\Urasandesu\CppAnonym\Fusion</Filter>
    </ClInclude>
    <ClInclude Include="Urasandesu\CppAnonym\Fusion\DefaultFusionInfoApiProto3CBCB74B.h">
      <Filter>ヘッダー ファイル\Urasandesu\CppAnonym\Fusion</Filter>
    </ClInclude>
    <ClInclude Include="Urasandesu\CppAnonym\Fusion\AssemblyInfo.h">
      <Filter>ヘッダー ファイル\Urasandesu\CppAnonym\Fusion</Filter>
    </ClInclude>
    <ClInclude Include="Urasandesu\CppAnonym\Fusion\BaseFusionInfoProto3CBCB74B.h">
      <Filter>ヘッダー ファイル\Urasandesu\CppAnonym\Fusion</Filter>
    </ClInclude>
    <ClInclude Include="Urasandesu\CppAnonym\Hosting\DefaultRuntimeHostApiProto07F03042.h">
      <Filter>ヘッダー ファイル\Urasandesu\CppAnonym\Hosting</Filter>
    </ClInclude>
    <ClInclude Include="Urasandesu\CppAnonym\Hosting\HostingDependsOn.h">
      <Filter>ヘッダー ファイル\Urasandesu\CppAnonym\Hosting</Filter>
    </ClInclude>
    <ClInclude Include="Urasandesu\CppAnonym\Hosting.h">
      <Filter>ヘッダー ファイル\Urasandesu\CppAnonym</Filter>
    </ClInclude>
    <ClInclude Include="Urasandesu\CppAnonym\Hosting\DefaultHostInfoApiProto07F03042.h">
      <Filter>ヘッダー ファイル\Urasandesu\CppAnonym\Hosting</Filter>
    </ClInclude>
    <ClInclude Include="Urasandesu\CppAnonym\Hosting\BaseRuntimeHostProto07F03042.h">
      <Filter>ヘッダー ファイル\Urasandesu\CppAnonym\Hosting</Filter>
    </ClInclude>
    <ClInclude Include="Urasandesu\CppAnonym\Hosting\BaseHostInfoProto07F03042.h">
      <Filter>ヘッダー ファイル\Urasandesu\CppAnonym\Hosting</Filter>
    </ClInclude>
    <ClInclude Include="Urasandesu\CppAnonym\Metadata\BaseMetadataInfoProtoB8DF5A21.h">
      <Filter>ヘッダー ファイル\Urasandesu\CppAnonym\Metadata</Filter>
    </ClInclude>
    <ClInclude Include="Urasandesu\CppAnonym\MetaData\MetadataDependsOn.h">
      <Filter>ヘッダー ファイル\Urasandesu\CppAnonym\Metadata</Filter>
    </ClInclude>
    <ClInclude Include="Urasandesu\CppAnonym\MetaData\BaseAssemblyMetadata.h">
      <Filter>ヘッダー ファイル\Urasandesu\CppAnonym\Metadata</Filter>
    </ClInclude>
    <ClInclude Include="Urasandesu\CppAnonym\MetaData\BaseMetadataInfo.h">
      <Filter>ヘッダー ファイル\Urasandesu\CppAnonym\Metadata</Filter>
    </ClInclude>
    <ClInclude Include="Urasandesu\CppAnonym\MetaData\BaseMethodBodyMetadata.h">
      <Filter>ヘッダー ファイル\Urasandesu\CppAnonym\Metadata</Filter>
    </ClInclude>
    <ClInclude Include="Urasandesu\CppAnonym\MetaData\BaseMethodMetadata.h">
      <Filter>ヘッダー ファイル\Urasandesu\CppAnonym\Metadata</Filter>
    </ClInclude>
    <ClInclude Include="Urasandesu\CppAnonym\MetaData\BaseModuleMetadata.h">
      <Filter>ヘッダー ファイル\Urasandesu\CppAnonym\Metadata</Filter>
    </ClInclude>
    <ClInclude Include="Urasandesu\CppAnonym\MetaData\BaseTypeMetadata.h">
      <Filter>ヘッダー ファイル\Urasandesu\CppAnonym\Metadata</Filter>
    </ClInclude>
    <ClInclude Include="Urasandesu\CppAnonym\MetaData\DefaultAssemblyMetadataApi.h">
      <Filter>ヘッダー ファイル\Urasandesu\CppAnonym\Metadata</Filter>
    </ClInclude>
    <ClInclude Include="Urasandesu\CppAnonym\MetaData\DefaultInfoMetadataApi.h">
      <Filter>ヘッダー ファイル\Urasandesu\CppAnonym\Metadata</Filter>
    </ClInclude>
    <ClInclude Include="Urasandesu\CppAnonym\MetaData\IMetadataApiOperable.h">
      <Filter>ヘッダー ファイル\Urasandesu\CppAnonym\Metadata</Filter>
    </ClInclude>
    <ClInclude Include="Urasandesu\CppAnonym\Metadata.h">
      <Filter>ヘッダー ファイル\Urasandesu\CppAnonym</Filter>
    </ClInclude>
    <ClInclude Include="Urasandesu\CppAnonym\StrongNaming\BaseStrongNameInfoProto4236D495.h">
      <Filter>ヘッダー ファイル\Urasandesu\CppAnonym\StrongNaming</Filter>
    </ClInclude>
    <ClInclude Include="Urasandesu\CppAnonym\StrongNaming\StrongNamingDependsOn.h">
      <Filter>ヘッダー ファイル\Urasandesu\CppAnonym\StrongNaming</Filter>
    </ClInclude>
    <ClInclude Include="Urasandesu\CppAnonym\StrongNaming.h">
      <Filter>ヘッダー ファイル\Urasandesu\CppAnonym</Filter>
    </ClInclude>
    <ClInclude Include="Urasandesu\CppAnonym\Metadata\DefaultMetadataInfoApiProtoB8DF5A21.h">
      <Filter>ヘッダー ファイル\Urasandesu\CppAnonym\Metadata</Filter>
    </ClInclude>
    <ClInclude Include="Urasandesu\CppAnonym\Metadata\BaseMetadataDispenserProtoB8DF5A21.h">
      <Filter>ヘッダー ファイル\Urasandesu\CppAnonym\Metadata</Filter>
    </ClInclude>
    <ClInclude Include="Urasandesu\CppAnonym\Metadata\DefaultMetadataDispenserApiProtoB8DF5A21.h">
      <Filter>ヘッダー ファイル\Urasandesu\CppAnonym\Metadata</Filter>
    </ClInclude>
    <ClInclude Include="Urasandesu\CppAnonym\Metadata\BaseAssemblyMetadataProtoB8DF5A21.h">
      <Filter>ヘッダー ファイル\Urasandesu\CppAnonym\Metadata</Filter>
    </ClInclude>
    <ClInclude Include="Urasandesu\CppAnonym\Metadata\BaseTypeMetadataProtoB8DF5A21.h">
      <Filter>ヘッダー ファイル\Urasandesu\CppAnonym\Metadata</Filter>
    </ClInclude>
    <ClInclude Include="Urasandesu\CppAnonym\SafeEnum.h">
      <Filter>ヘッダー ファイル\Urasandesu\CppAnonym</Filter>
    </ClInclude>
    <ClInclude Include="Urasandesu\CppAnonym\Metadata\DefaultTypeMetadataApiProtoB8DF5A21.h">
      <Filter>ヘッダー ファイル\Urasandesu\CppAnonym\Metadata</Filter>
    </ClInclude>
    <ClInclude Include="Urasandesu\CppAnonym\Metadata\DefaultAssemblyMetadataApiProtoB8DF5A21.h">
      <Filter>ヘッダー ファイル\Urasandesu\CppAnonym\Metadata</Filter>
    </ClInclude>
    <ClInclude Include="Urasandesu\CppAnonym\Utilities\DefaultHash.h">
      <Filter>ヘッダー ファイル\Urasandesu\CppAnonym\Utilities</Filter>
    </ClInclude>
    <ClInclude Include="Urasandesu\CppAnonym\Utilities\DefaultEqualTo.h">
      <Filter>ヘッダー ファイル\Urasandesu\CppAnonym\Utilities</Filter>
    </ClInclude>
    <ClInclude Include="Urasandesu\CppAnonym\Fusion\AssemblyQueryTypes.h">
      <Filter>ヘッダー ファイル\Urasandesu\CppAnonym\Fusion</Filter>
    </ClInclude>
    <ClInclude Include="Urasandesu\CppAnonym\Metadata\DefaultMethodMetadataApiProtoB8DF5A21.h">
      <Filter>ヘッダー ファイル\Urasandesu\CppAnonym\Metadata</Filter>
    </ClInclude>
    <ClInclude Include="Urasandesu\CppAnonym\Metadata\BaseMethodMetadataProtoB8DF5A21.h">
      <Filter>ヘッダー ファイル\Urasandesu\CppAnonym\Metadata</Filter>
    </ClInclude>
    <ClInclude Include="Urasandesu\CppAnonym\Metadata\TypeKinds.h">
      <Filter>ヘッダー ファイル\Urasandesu\CppAnonym\Metadata</Filter>
    </ClInclude>
    <ClInclude Include="Urasandesu\CppAnonym\Metadata\CallingConventions.h">
      <Filter>ヘッダー ファイル\Urasandesu\CppAnonym\Metadata</Filter>
    </ClInclude>
    <ClInclude Include="Urasandesu\CppAnonym\CppAnonymNotImplementedException.h">
      <Filter>ヘッダー ファイル\Urasandesu\CppAnonym</Filter>
    </ClInclude>
    <ClInclude Include="Urasandesu\CppAnonym\Traits\ExternalApiStrategies.h">
      <Filter>ヘッダー ファイル\Urasandesu\CppAnonym\Traits</Filter>
    </ClInclude>
    <ClInclude Include="Urasandesu\CppAnonym\Collections\CollectionsDependsOn.h">
      <Filter>ヘッダー ファイル\Urasandesu\CppAnonym\Collections</Filter>
    </ClInclude>
    <ClInclude Include="Urasandesu\CppAnonym\Collections\GlobalSafeDictionary.h">
      <Filter>ヘッダー ファイル\Urasandesu\CppAnonym\Collections</Filter>
    </ClInclude>
    <ClInclude Include="Urasandesu\CppAnonym\Collections\RapidVector.h">
      <Filter>ヘッダー ファイル\Urasandesu\CppAnonym\Collections</Filter>
    </ClInclude>
    <ClInclude Include="Urasandesu\CppAnonym\Collections.h">
      <Filter>ヘッダー ファイル\Urasandesu\CppAnonym</Filter>
    </ClInclude>
    <ClInclude Include="Urasandesu\CppAnonym\Collections\Iterable.h">
      <Filter>ヘッダー ファイル\Urasandesu\CppAnonym\Collections</Filter>
    </ClInclude>
  </ItemGroup>
  <ItemGroup>
    <ResourceCompile Include="Urasandesu.CppAnonym.rc">
      <Filter>リソース ファイル</Filter>
    </ResourceCompile>
  </ItemGroup>
  <ItemGroup>
    <None Include="ReadMe.txt" />
    <None Include="Urasandesu.CppAnonym.rgs">
      <Filter>リソース ファイル</Filter>
    </None>
    <None Include="Urasandesu.CppAnonym.def">
      <Filter>ソース ファイル</Filter>
    </None>
  </ItemGroup>
  <ItemGroup>
    <Midl Include="UrasandesuCppAnonym.idl">
      <Filter>ソース ファイル</Filter>
    </Midl>
  </ItemGroup>
</Project>