<?xml version="1.0" encoding="utf-8"?>
<Project ToolsVersion="4.0" xmlns="http://schemas.microsoft.com/developer/msbuild/2003">
  <ItemGroup>
    <Filter Include="ソース ファイル">
      <UniqueIdentifier>{4FC737F1-C7A5-4376-A066-2A32D752A2FF}</UniqueIdentifier>
      <Extensions>cpp;c;cc;cxx;def;odl;idl;hpj;bat;asm;asmx</Extensions>
    </Filter>
    <Filter Include="ソース ファイル\Urasandesu">
      <UniqueIdentifier>{d37b74fb-85fd-4397-be62-318d1fa03ff7}</UniqueIdentifier>
    </Filter>
    <Filter Include="ソース ファイル\Urasandesu\CppAnonym">
      <UniqueIdentifier>{a98eb227-c95f-4ba4-87fd-cbb549cd1496}</UniqueIdentifier>
    </Filter>
    <Filter Include="ソース ファイル\Urasandesu\CppAnonym\MetaData">
      <UniqueIdentifier>{63d460fe-4735-4ca5-85ee-e22b0920315e}</UniqueIdentifier>
    </Filter>
    <Filter Include="ソース ファイル\Urasandesu\CppAnonym\Profiling">
      <UniqueIdentifier>{4544f21c-5374-4d19-b027-4a8ccd284303}</UniqueIdentifier>
    </Filter>
    <Filter Include="ヘッダー ファイル">
      <UniqueIdentifier>{93995380-89BD-4b04-88EB-625FBE52EBFB}</UniqueIdentifier>
      <Extensions>h;hpp;hxx;hm;inl;inc;xsd</Extensions>
    </Filter>
    <Filter Include="ヘッダー ファイル\Urasandesu">
      <UniqueIdentifier>{b6c543f8-23b6-432a-9d20-aab1098234df}</UniqueIdentifier>
    </Filter>
    <Filter Include="ヘッダー ファイル\Urasandesu\CppAnonym">
      <UniqueIdentifier>{91839daa-5acf-4be1-91b5-f375ecc9b99a}</UniqueIdentifier>
    </Filter>
    <Filter Include="ヘッダー ファイル\Urasandesu\CppAnonym\MetaData">
      <UniqueIdentifier>{dc939c6c-c065-4536-b0eb-d1cfbd87e6e2}</UniqueIdentifier>
    </Filter>
    <Filter Include="ヘッダー ファイル\Urasandesu\CppAnonym\Profiling">
      <UniqueIdentifier>{bf8d11fa-3587-4b23-9861-f162ed7c4b38}</UniqueIdentifier>
    </Filter>
    <Filter Include="ヘッダー ファイル\Urasandesu\CppAnonym\Traits">
      <UniqueIdentifier>{61584fea-1c5c-47f1-b375-c694f25e6c8d}</UniqueIdentifier>
    </Filter>
    <Filter Include="ヘッダー ファイル\Urasandesu\CppAnonym\Utilities">
      <UniqueIdentifier>{d771aa7a-daeb-410a-be51-04b11208a673}</UniqueIdentifier>
    </Filter>
    <Filter Include="リソース ファイル">
      <UniqueIdentifier>{67DA6AB6-F800-4c08-8B7A-83BB121AAD01}</UniqueIdentifier>
      <Extensions>rc;ico;cur;bmp;dlg;rc2;rct;bin;rgs;gif;jpg;jpeg;jpe;resx;tiff;tif;png;wav</Extensions>
    </Filter>
    <Filter Include="生成されたファイル">
      <UniqueIdentifier>{c317a824-1d80-43f9-8120-4b314265be8f}</UniqueIdentifier>
      <SourceControlFiles>False</SourceControlFiles>
    </Filter>
  </ItemGroup>
  <ItemGroup>
    <ClCompile Include="CppAnonym.cpp">
      <Filter>ソース ファイル</Filter>
    </ClCompile>
    <ClCompile Include="dllmain.cpp">
      <Filter>ソース ファイル</Filter>
    </ClCompile>
    <ClCompile Include="stdafx.cpp">
      <Filter>ソース ファイル</Filter>
    </ClCompile>
    <ClCompile Include="Urasandesu\CppAnonym\CppAnonymCOMException.cpp">
      <Filter>ソース ファイル\Urasandesu\CppAnonym</Filter>
    </ClCompile>
    <ClCompile Include="Urasandesu\CppAnonym\CppAnonymException.cpp">
      <Filter>ソース ファイル\Urasandesu\CppAnonym</Filter>
    </ClCompile>
    <ClCompile Include="Urasandesu\CppAnonym\CppAnonymSystemException.cpp">
      <Filter>ソース ファイル\Urasandesu\CppAnonym</Filter>
    </ClCompile>
    <ClCompile Include="Urasandesu\CppAnonym\Environment.cpp">
      <Filter>ソース ファイル\Urasandesu\CppAnonym</Filter>
    </ClCompile>
    <ClCompile Include="Urasandesu\CppAnonym\StackFrame.cpp">
      <Filter>ソース ファイル\Urasandesu\CppAnonym</Filter>
    </ClCompile>
    <ClCompile Include="Urasandesu\CppAnonym\StackTrace.cpp">
      <Filter>ソース ファイル\Urasandesu\CppAnonym</Filter>
    </ClCompile>
    <ClCompile Include="Urasandesu\CppAnonym\MetaData\DefaultAssemblyMetaDataApi.cpp">
      <Filter>ソース ファイル\Urasandesu\CppAnonym\MetaData</Filter>
    </ClCompile>
    <ClCompile Include="Urasandesu\CppAnonym\MetaData\DefaultInfoMetaDataApi.cpp">
      <Filter>ソース ファイル\Urasandesu\CppAnonym\MetaData</Filter>
    </ClCompile>
    <ClCompile Include="Urasandesu\CppAnonym\Profiling\DefaultInfoProfilingApi.cpp">
      <Filter>ソース ファイル\Urasandesu\CppAnonym\Profiling</Filter>
    </ClCompile>
    <ClCompile Include="CppAnonym_i.c">
      <Filter>生成されたファイル</Filter>
    </ClCompile>
  </ItemGroup>
  <ItemGroup>
    <None Include="CppAnonym.def">
      <Filter>ソース ファイル</Filter>
    </None>
    <None Include="CppAnonym.rgs">
      <Filter>リソース ファイル</Filter>
    </None>
    <None Include="ReadMe.txt" />
  </ItemGroup>
  <ItemGroup>
    <Midl Include="CppAnonym.idl">
      <Filter>ソース ファイル</Filter>
    </Midl>
  </ItemGroup>
  <ItemGroup>
    <ClInclude Include="dllmain.h">
      <Filter>ヘッダー ファイル</Filter>
    </ClInclude>
    <ClInclude Include="Resource.h">
      <Filter>ヘッダー ファイル</Filter>
    </ClInclude>
    <ClInclude Include="stdafx.h">
      <Filter>ヘッダー ファイル</Filter>
    </ClInclude>
    <ClInclude Include="targetver.h">
      <Filter>ヘッダー ファイル</Filter>
    </ClInclude>
    <ClInclude Include="Urasandesu\CppAnonym.h">
      <Filter>ヘッダー ファイル\Urasandesu</Filter>
    </ClInclude>
    <ClInclude Include="Urasandesu\CppAnonym\CppAnonymCOMException.h">
      <Filter>ヘッダー ファイル\Urasandesu\CppAnonym</Filter>
    </ClInclude>
    <ClInclude Include="Urasandesu\CppAnonym\CppAnonymDependsOn.h">
      <Filter>ヘッダー ファイル\Urasandesu\CppAnonym</Filter>
    </ClInclude>
    <ClInclude Include="Urasandesu\CppAnonym\CppAnonymException.h">
      <Filter>ヘッダー ファイル\Urasandesu\CppAnonym</Filter>
    </ClInclude>
    <ClInclude Include="Urasandesu\CppAnonym\CppAnonymSystemException.h">
      <Filter>ヘッダー ファイル\Urasandesu\CppAnonym</Filter>
    </ClInclude>
    <ClInclude Include="Urasandesu\CppAnonym\DefaultSTDMETHODWrapper.h">
      <Filter>ヘッダー ファイル\Urasandesu\CppAnonym</Filter>
    </ClInclude>
    <ClInclude Include="Urasandesu\CppAnonym\Environment.h">
      <Filter>ヘッダー ファイル\Urasandesu\CppAnonym</Filter>
    </ClInclude>
    <ClInclude Include="Urasandesu\CppAnonym\HeapProvider.h">
      <Filter>ヘッダー ファイル\Urasandesu\CppAnonym</Filter>
    </ClInclude>
    <ClInclude Include="Urasandesu\CppAnonym\IApiOperable.h">
      <Filter>ヘッダー ファイル\Urasandesu\CppAnonym</Filter>
    </ClInclude>
    <ClInclude Include="Urasandesu\CppAnonym\IHeapContent.h">
      <Filter>ヘッダー ファイル\Urasandesu\CppAnonym</Filter>
    </ClInclude>
    <ClInclude Include="Urasandesu\CppAnonym\MetaData.h">
      <Filter>ヘッダー ファイル\Urasandesu\CppAnonym</Filter>
    </ClInclude>
    <ClInclude Include="Urasandesu\CppAnonym\Profiling.h">
      <Filter>ヘッダー ファイル\Urasandesu\CppAnonym</Filter>
    </ClInclude>
    <ClInclude Include="Urasandesu\CppAnonym\SimpleBlob.h">
      <Filter>ヘッダー ファイル\Urasandesu\CppAnonym</Filter>
    </ClInclude>
    <ClInclude Include="Urasandesu\CppAnonym\SimpleHeap.h">
      <Filter>ヘッダー ファイル\Urasandesu\CppAnonym</Filter>
    </ClInclude>
    <ClInclude Include="Urasandesu\CppAnonym\StackFrame.h">
      <Filter>ヘッダー ファイル\Urasandesu\CppAnonym</Filter>
    </ClInclude>
    <ClInclude Include="Urasandesu\CppAnonym\StackTrace.h">
      <Filter>ヘッダー ファイル\Urasandesu\CppAnonym</Filter>
    </ClInclude>
    <ClInclude Include="Urasandesu\CppAnonym\SystemError.h">
      <Filter>ヘッダー ファイル\Urasandesu\CppAnonym</Filter>
    </ClInclude>
    <ClInclude Include="Urasandesu\CppAnonym\Traits.h">
      <Filter>ヘッダー ファイル\Urasandesu\CppAnonym</Filter>
    </ClInclude>
    <ClInclude Include="Urasandesu\CppAnonym\Utilities.h">
      <Filter>ヘッダー ファイル\Urasandesu\CppAnonym</Filter>
    </ClInclude>
    <ClInclude Include="Urasandesu\CppAnonym\MetaData\BaseAssemblyMetaData.h">
      <Filter>ヘッダー ファイル\Urasandesu\CppAnonym\MetaData</Filter>
    </ClInclude>
    <ClInclude Include="Urasandesu\CppAnonym\MetaData\BaseMetaDataInfo.h">
      <Filter>ヘッダー ファイル\Urasandesu\CppAnonym\MetaData</Filter>
    </ClInclude>
    <ClInclude Include="Urasandesu\CppAnonym\MetaData\BaseMethodBodyMetaData.h">
      <Filter>ヘッダー ファイル\Urasandesu\CppAnonym\MetaData</Filter>
    </ClInclude>
    <ClInclude Include="Urasandesu\CppAnonym\MetaData\BaseMethodMetaData.h">
      <Filter>ヘッダー ファイル\Urasandesu\CppAnonym\MetaData</Filter>
    </ClInclude>
    <ClInclude Include="Urasandesu\CppAnonym\MetaData\BaseModuleMetaData.h">
      <Filter>ヘッダー ファイル\Urasandesu\CppAnonym\MetaData</Filter>
    </ClInclude>
    <ClInclude Include="Urasandesu\CppAnonym\MetaData\BaseTypeMetaData.h">
      <Filter>ヘッダー ファイル\Urasandesu\CppAnonym\MetaData</Filter>
    </ClInclude>
    <ClInclude Include="Urasandesu\CppAnonym\MetaData\DefaultAssemblyMetaDataApi.h">
      <Filter>ヘッダー ファイル\Urasandesu\CppAnonym\MetaData</Filter>
    </ClInclude>
    <ClInclude Include="Urasandesu\CppAnonym\MetaData\DefaultInfoMetaDataApi.h">
      <Filter>ヘッダー ファイル\Urasandesu\CppAnonym\MetaData</Filter>
    </ClInclude>
    <ClInclude Include="Urasandesu\CppAnonym\MetaData\IMetaDataApiOperable.h">
      <Filter>ヘッダー ファイル\Urasandesu\CppAnonym\MetaData</Filter>
    </ClInclude>
    <ClInclude Include="Urasandesu\CppAnonym\MetaData\MetaDataDependsOn.h">
      <Filter>ヘッダー ファイル\Urasandesu\CppAnonym\MetaData</Filter>
    </ClInclude>
    <ClInclude Include="Urasandesu\CppAnonym\MetaData\OpCodes.h">
      <Filter>ヘッダー ファイル\Urasandesu\CppAnonym\MetaData</Filter>
    </ClInclude>
    <ClInclude Include="Urasandesu\CppAnonym\Profiling\BaseAppDomainProfile.h">
      <Filter>ヘッダー ファイル\Urasandesu\CppAnonym\Profiling</Filter>
    </ClInclude>
    <ClInclude Include="Urasandesu\CppAnonym\Profiling\BaseAssemblyProfile.h">
      <Filter>ヘッダー ファイル\Urasandesu\CppAnonym\Profiling</Filter>
    </ClInclude>
    <ClInclude Include="Urasandesu\CppAnonym\Profiling\BaseMethodBodyProfile.h">
      <Filter>ヘッダー ファイル\Urasandesu\CppAnonym\Profiling</Filter>
    </ClInclude>
    <ClInclude Include="Urasandesu\CppAnonym\Profiling\BaseMethodProfile.h">
      <Filter>ヘッダー ファイル\Urasandesu\CppAnonym\Profiling</Filter>
    </ClInclude>
    <ClInclude Include="Urasandesu\CppAnonym\Profiling\BaseModuleProfile.h">
      <Filter>ヘッダー ファイル\Urasandesu\CppAnonym\Profiling</Filter>
    </ClInclude>
    <ClInclude Include="Urasandesu\CppAnonym\Profiling\BaseProcessProfile.h">
      <Filter>ヘッダー ファイル\Urasandesu\CppAnonym\Profiling</Filter>
    </ClInclude>
    <ClInclude Include="Urasandesu\CppAnonym\Profiling\BaseProfilingInfo.h">
      <Filter>ヘッダー ファイル\Urasandesu\CppAnonym\Profiling</Filter>
    </ClInclude>
    <ClInclude Include="Urasandesu\CppAnonym\Profiling\BaseTypeProfile.h">
      <Filter>ヘッダー ファイル\Urasandesu\CppAnonym\Profiling</Filter>
    </ClInclude>
    <ClInclude Include="Urasandesu\CppAnonym\Profiling\DefaultInfoProfilingApi.h">
      <Filter>ヘッダー ファイル\Urasandesu\CppAnonym\Profiling</Filter>
    </ClInclude>
    <ClInclude Include="Urasandesu\CppAnonym\Profiling\ICorProfilerCallback2Impl.h">
      <Filter>ヘッダー ファイル\Urasandesu\CppAnonym\Profiling</Filter>
    </ClInclude>
    <ClInclude Include="Urasandesu\CppAnonym\Profiling\IProfilingApiOperable.h">
      <Filter>ヘッダー ファイル\Urasandesu\CppAnonym\Profiling</Filter>
    </ClInclude>
    <ClInclude Include="Urasandesu\CppAnonym\Profiling\ProfilingDependsOn.h">
      <Filter>ヘッダー ファイル\Urasandesu\CppAnonym\Profiling</Filter>
    </ClInclude>
    <ClInclude Include="Urasandesu\CppAnonym\Traits\Replace.h">
      <Filter>ヘッダー ファイル\Urasandesu\CppAnonym\Traits</Filter>
    </ClInclude>
    <ClInclude Include="Urasandesu\CppAnonym\Traits\TraitsDependsOn.h">
      <Filter>ヘッダー ファイル\Urasandesu\CppAnonym\Traits</Filter>
    </ClInclude>
    <ClInclude Include="Urasandesu\CppAnonym\Utilities\UtilitiesDependsOn.h">
      <Filter>ヘッダー ファイル\Urasandesu\CppAnonym\Utilities</Filter>
    </ClInclude>
    <ClInclude Include="Urasandesu\CppAnonym\Utilities\ValueConverter.h">
      <Filter>ヘッダー ファイル\Urasandesu\CppAnonym\Utilities</Filter>
    </ClInclude>
    <ClInclude Include="CppAnonym_i.h">
      <Filter>生成されたファイル</Filter>
    </ClInclude>
    <ClInclude Include="Urasandesu\CppAnonym\Traits\Distinct.h">
      <Filter>ヘッダー ファイル\Urasandesu\CppAnonym\Traits</Filter>
    </ClInclude>
    <ClInclude Include="Urasandesu\CppAnonym\Traits\HasConst.h">
      <Filter>ヘッダー ファイル\Urasandesu\CppAnonym\Traits</Filter>
    </ClInclude>
    <ClInclude Include="Urasandesu\CppAnonym\RapidVector.h">
      <Filter>ヘッダー ファイル\Urasandesu\CppAnonym</Filter>
    </ClInclude>
  </ItemGroup>
  <ItemGroup>
    <ResourceCompile Include="CppAnonym.rc">
      <Filter>リソース ファイル</Filter>
    </ResourceCompile>
  </ItemGroup>
</Project>