<?xml version="1.0" encoding="utf-8"?>
<Project ToolsVersion="4.0" xmlns="http://schemas.microsoft.com/developer/msbuild/2003">
  <ItemGroup>
    <Filter Include="ソース ファイル">
      <UniqueIdentifier>{4FC737F1-C7A5-4376-A066-2A32D752A2FF}</UniqueIdentifier>
      <Extensions>cpp;c;cc;cxx;def;odl;idl;hpj;bat;asm;asmx</Extensions>
    </Filter>
    <Filter Include="ヘッダー ファイル">
      <UniqueIdentifier>{93995380-89BD-4b04-88EB-625FBE52EBFB}</UniqueIdentifier>
      <Extensions>h;hpp;hxx;hm;inl;inc;xsd</Extensions>
    </Filter>
    <Filter Include="リソース ファイル">
      <UniqueIdentifier>{67DA6AB6-F800-4c08-8B7A-83BB121AAD01}</UniqueIdentifier>
      <Extensions>rc;ico;cur;bmp;dlg;rc2;rct;bin;rgs;gif;jpg;jpeg;jpe;resx;tiff;tif;png;wav;mfcribbon-ms</Extensions>
    </Filter>
    <Filter Include="ソース ファイル\Test">
      <UniqueIdentifier>{df08e2da-a3bb-4ff3-907b-2fa140ccd0af}</UniqueIdentifier>
    </Filter>
    <Filter Include="ソース ファイル\Test\Urasandesu">
      <UniqueIdentifier>{1d5c661b-a45b-4390-a89b-47a5b8e8ce50}</UniqueIdentifier>
    </Filter>
    <Filter Include="ソース ファイル\Test\Urasandesu\CppAnonym">
      <UniqueIdentifier>{5e9d6544-78a5-44e5-add1-91d0b8434af3}</UniqueIdentifier>
    </Filter>
    <Filter Include="ソース ファイル\Urasandesu">
      <UniqueIdentifier>{9b900142-af38-4eca-b71f-4341c710c299}</UniqueIdentifier>
    </Filter>
    <Filter Include="ソース ファイル\Urasandesu\CppAnonym">
      <UniqueIdentifier>{d4e9692f-424e-40af-940a-6693a5f4bf30}</UniqueIdentifier>
    </Filter>
    <Filter Include="ソース ファイル\Urasandesu\CppAnonym\Fusion">
      <UniqueIdentifier>{7c6bfdef-abcc-43c1-a6c2-f7e3e13c3f92}</UniqueIdentifier>
    </Filter>
    <Filter Include="ソース ファイル\Test\Urasandesu\CppAnonym\Hosting">
      <UniqueIdentifier>{9a161422-f848-4421-a221-95ef438d0e3f}</UniqueIdentifier>
    </Filter>
    <Filter Include="ソース ファイル\Test\Urasandesu\CppAnonym\Fusion">
      <UniqueIdentifier>{524b781c-8852-46f1-8b14-5bb95d76e323}</UniqueIdentifier>
    </Filter>
    <Filter Include="ソース ファイル\Test\Urasandesu\CppAnonym\Metadata">
      <UniqueIdentifier>{c5bc9a57-d840-4f4d-8d05-123f529063b5}</UniqueIdentifier>
    </Filter>
    <Filter Include="ソース ファイル\Test\Urasandesu\CppAnonym\Utilities">
      <UniqueIdentifier>{84c2002a-7124-4e90-bc10-13cf55fea226}</UniqueIdentifier>
    </Filter>
    <Filter Include="ソース ファイル\Test\Urasandesu\CppAnonym\Traits">
      <UniqueIdentifier>{376f8f01-e942-4521-b9c6-a6a6f709457a}</UniqueIdentifier>
    </Filter>
    <Filter Include="ソース ファイル\Test\Urasandesu\CppAnonym\Collections">
      <UniqueIdentifier>{58e658ec-5729-40d9-b781-8368496aeec1}</UniqueIdentifier>
    </Filter>
    <Filter Include="ソース ファイル\Test\Urasandesu\CppAnonym\StrongNaming">
      <UniqueIdentifier>{09cf71cf-4a49-4ec3-8d4c-12cf8c45dfd2}</UniqueIdentifier>
    </Filter>
    <Filter Include="ソース ファイル\Urasandesu\CppAnonym\Metadata">
      <UniqueIdentifier>{0dc08d80-cfdd-4128-993a-4f85a933be98}</UniqueIdentifier>
    </Filter>
  </ItemGroup>
  <ItemGroup>
    <None Include="ReadMe.txt" />
  </ItemGroup>
  <ItemGroup>
    <ClInclude Include="stdafx.h">
      <Filter>ヘッダー ファイル</Filter>
    </ClInclude>
    <ClInclude Include="targetver.h">
      <Filter>ヘッダー ファイル</Filter>
    </ClInclude>
  </ItemGroup>
  <ItemGroup>
    <ClCompile Include="stdafx.cpp">
      <Filter>ソース ファイル</Filter>
    </ClCompile>
    <ClCompile Include="Test.Urasandesu.CppAnonym.cpp">
      <Filter>ソース ファイル</Filter>
    </ClCompile>
    <ClCompile Include="Test\Urasandesu\CppAnonym\StackTraceTest.cpp">
      <Filter>ソース ファイル\Test\Urasandesu\CppAnonym</Filter>
    </ClCompile>
    <ClCompile Include="..\Urasandesu.CppAnonym\Urasandesu\CppAnonym\CppAnonymCOMException.cpp">
      <Filter>ソース ファイル\Urasandesu\CppAnonym</Filter>
    </ClCompile>
    <ClCompile Include="..\Urasandesu.CppAnonym\Urasandesu\CppAnonym\CppAnonymException.cpp">
      <Filter>ソース ファイル\Urasandesu\CppAnonym</Filter>
    </ClCompile>
    <ClCompile Include="..\Urasandesu.CppAnonym\Urasandesu\CppAnonym\CppAnonymSystemException.cpp">
      <Filter>ソース ファイル\Urasandesu\CppAnonym</Filter>
    </ClCompile>
    <ClCompile Include="..\Urasandesu.CppAnonym\Urasandesu\CppAnonym\Environment.cpp">
      <Filter>ソース ファイル\Urasandesu\CppAnonym</Filter>
    </ClCompile>
    <ClCompile Include="..\Urasandesu.CppAnonym\Urasandesu\CppAnonym\StackFrame.cpp">
      <Filter>ソース ファイル\Urasandesu\CppAnonym</Filter>
    </ClCompile>
    <ClCompile Include="..\Urasandesu.CppAnonym\Urasandesu\CppAnonym\StackTrace.cpp">
      <Filter>ソース ファイル\Urasandesu\CppAnonym</Filter>
    </ClCompile>
    <ClCompile Include="Test\Urasandesu\CppAnonym\SimpleBlobTest.cpp">
      <Filter>ソース ファイル\Test\Urasandesu\CppAnonym</Filter>
    </ClCompile>
    <ClCompile Include="Test\Urasandesu\CppAnonym\SimpleHeapTest.cpp">
      <Filter>ソース ファイル\Test\Urasandesu\CppAnonym</Filter>
    </ClCompile>
    <ClCompile Include="Test\Urasandesu\CppAnonym\CppAnonymExceptionTest.cpp">
      <Filter>ソース ファイル\Test\Urasandesu\CppAnonym</Filter>
    </ClCompile>
    <ClCompile Include="..\Urasandesu.CppAnonym\Urasandesu\CppAnonym\CppAnonymArgumentException.cpp">
      <Filter>ソース ファイル\Urasandesu\CppAnonym</Filter>
    </ClCompile>
    <ClCompile Include="..\Urasandesu.CppAnonym\Urasandesu\CppAnonym\CppAnonymNotSupportedException.cpp">
      <Filter>ソース ファイル\Urasandesu\CppAnonym</Filter>
    </ClCompile>
    <ClCompile Include="..\Urasandesu.CppAnonym\Urasandesu\CppAnonym\Fusion\AssemblyInfo.cpp">
      <Filter>ソース ファイル\Urasandesu\CppAnonym\Fusion</Filter>
    </ClCompile>
    <ClCompile Include="..\Urasandesu.CppAnonym\Urasandesu\CppAnonym\Fusion\DefaultFusionInfoApiProto3CBCB74B.cpp">
      <Filter>ソース ファイル\Urasandesu\CppAnonym\Fusion</Filter>
    </ClCompile>
    <ClCompile Include="Test\Urasandesu\CppAnonym\Hosting\BaseHostInfoProto07F03042Test.cpp">
      <Filter>ソース ファイル\Test\Urasandesu\CppAnonym\Hosting</Filter>
    </ClCompile>
    <ClCompile Include="Test\Urasandesu\CppAnonym\Hosting\BaseRuntimeHostProto07F03042Test.cpp">
      <Filter>ソース ファイル\Test\Urasandesu\CppAnonym\Hosting</Filter>
    </ClCompile>
    <ClCompile Include="Test\Urasandesu\CppAnonym\Fusion\BaseFusionInfoProto3CBCB74BTest.cpp">
      <Filter>ソース ファイル\Test\Urasandesu\CppAnonym\Fusion</Filter>
    </ClCompile>
    <ClCompile Include="Test\Urasandesu\CppAnonym\CppAnonymArgumentExceptionTest.cpp">
      <Filter>ソース ファイル\Test\Urasandesu\CppAnonym</Filter>
    </ClCompile>
    <ClCompile Include="Test\Urasandesu\CppAnonym\Metadata\BaseMetadataInfoProtoB8DF5A21Test.cpp">
      <Filter>ソース ファイル\Test\Urasandesu\CppAnonym\Metadata</Filter>
    </ClCompile>
    <ClCompile Include="Test\Urasandesu\CppAnonym\Metadata\BaseMetadataDispenserProtoB8DF5A21Test.cpp">
      <Filter>ソース ファイル\Test\Urasandesu\CppAnonym\Metadata</Filter>
    </ClCompile>
    <ClCompile Include="Test\Urasandesu\CppAnonym\Metadata\BaseAssemblyMetadataProtoB8DF5A21Test.cpp">
      <Filter>ソース ファイル\Test\Urasandesu\CppAnonym\Metadata</Filter>
    </ClCompile>
    <ClCompile Include="Test\Urasandesu\CppAnonym\Metadata\BaseTypeMetadataProtoB8DF5A21Test.cpp">
      <Filter>ソース ファイル\Test\Urasandesu\CppAnonym\Metadata</Filter>
    </ClCompile>
    <ClCompile Include="Test\Urasandesu\CppAnonym\Utilities\DefaultHashTest.cpp">
      <Filter>ソース ファイル\Test\Urasandesu\CppAnonym\Utilities</Filter>
    </ClCompile>
    <ClCompile Include="Test\Urasandesu\CppAnonym\Utilities\DefaultEqualToTest.cpp">
      <Filter>ソース ファイル\Test\Urasandesu\CppAnonym\Utilities</Filter>
    </ClCompile>
    <ClCompile Include="..\Urasandesu.CppAnonym\Urasandesu\CppAnonym\CppAnonymNotImplementedException.cpp">
      <Filter>ソース ファイル\Urasandesu\CppAnonym</Filter>
    </ClCompile>
    <ClCompile Include="Test\Urasandesu\CppAnonym\Traits\ExternalApiStrategiesTest.cpp">
      <Filter>ソース ファイル\Test\Urasandesu\CppAnonym\Traits</Filter>
    </ClCompile>
    <ClCompile Include="Test\Urasandesu\CppAnonym\Collections\RapidVectorTest.cpp">
      <Filter>ソース ファイル\Test\Urasandesu\CppAnonym\Collections</Filter>
    </ClCompile>
    <ClCompile Include="Test\Urasandesu\CppAnonym\StrongNaming\BaseStrongNameInfoProto4236D495Test.cpp">
      <Filter>ソース ファイル\Test\Urasandesu\CppAnonym\StrongNaming</Filter>
    </ClCompile>
    <ClCompile Include="Test\Urasandesu\CppAnonym\StrongNaming\BaseStrongNameKeyProto4236D495Test.cpp">
      <Filter>ソース ファイル\Test\Urasandesu\CppAnonym\StrongNaming</Filter>
    </ClCompile>
    <ClCompile Include="..\Urasandesu.CppAnonym\Urasandesu\CppAnonym\Metadata\StackBehaviour.cpp">
      <Filter>ソース ファイル\Urasandesu\CppAnonym\Metadata</Filter>
    </ClCompile>
    <ClCompile Include="..\Urasandesu.CppAnonym\Urasandesu\CppAnonym\Metadata\OperandParam.cpp">
      <Filter>ソース ファイル\Urasandesu\CppAnonym\Metadata</Filter>
    </ClCompile>
    <ClCompile Include="..\Urasandesu.CppAnonym\Urasandesu\CppAnonym\Metadata\OpcodeKind.cpp">
      <Filter>ソース ファイル\Urasandesu\CppAnonym\Metadata</Filter>
    </ClCompile>
    <ClCompile Include="..\Urasandesu.CppAnonym\Urasandesu\CppAnonym\Metadata\ControlFlow.cpp">
      <Filter>ソース ファイル\Urasandesu\CppAnonym\Metadata</Filter>
    </ClCompile>
    <ClCompile Include="..\Urasandesu.CppAnonym\Urasandesu\CppAnonym\Metadata\OpCodeProtoB8DF5A21.cpp">
      <Filter>ソース ファイル\Urasandesu\CppAnonym\Metadata</Filter>
    </ClCompile>
    <ClCompile Include="..\Urasandesu.CppAnonym\Urasandesu\CppAnonym\Metadata\OpCodesProtoB8DF5A21.cpp">
      <Filter>ソース ファイル\Urasandesu\CppAnonym\Metadata</Filter>
    </ClCompile>
  </ItemGroup>
</Project>